
Microsoft Visual Studio Solution File, Format Version 12.00
# Visual Studio Version 17
VisualStudioVersion = 17.12.35521.163
MinimumVisualStudioVersion = 10.0.40219.1
Project("{FAE04EC0-301F-11D3-BF4B-00C04F79EFBC}") = "ViusalProject", "ViusalProject\ViusalProject.csproj", "{3CE26B0D-F0AF-4739-B215-E4E680537891}"
EndProject
Project("{2150E333-8FDC-42A3-9474-1A3956D46DE8}") = "Solution Items", "Solution Items", "{942AFDB1-340A-4405-841E-7F24C700964E}"
	ProjectSection(SolutionItems) = preProject
		..\..\..\OneDrive\Masaüstü\Proje image\default_profile.png = ..\..\..\OneDrive\Masaüstü\Proje image\default_profile.png
		file.resx = file.resx
	EndProjectSection
EndProject
Global
	GlobalSection(SolutionConfigurationPlatforms) = preSolution
		Debug|Any CPU = Debug|Any CPU
		Release|Any CPU = Release|Any CPU
	EndGlobalSection
	GlobalSection(ProjectConfigurationPlatforms) = postSolution
		{3CE26B0D-F0AF-4739-B215-E4E680537891}.Debug|Any CPU.ActiveCfg = Debug|Any CPU
		{3CE26B0D-F0AF-4739-B215-E4E680537891}.Debug|Any CPU.Build.0 = Debug|Any CPU
		{3CE26B0D-F0AF-4739-B215-E4E680537891}.Release|Any CPU.ActiveCfg = Release|Any CPU
		{3CE26B0D-F0AF-4739-B215-E4E680537891}.Release|Any CPU.Build.0 = Release|Any CPU
	EndGlobalSection
	GlobalSection(SolutionProperties) = preSolution
		HideSolutionNode = FALSE
	EndGlobalSection
EndGlobal
